{
  "name": "swagger-koa-example",
  "version": "1.0.0",
  "lockfileVersion": 1,
  "requires": true,
  "dependencies": {
    "bluebird": {
      "version": "3.5.3",
      "resolved": "https://registry.npmjs.org/bluebird/-/bluebird-3.5.3.tgz",
      "integrity": "sha512-/qKPUQlaW1OyR51WeCPBvRnAlnZFUJkCSG5HzGnuIqhgyJtF+T94lFnn33eiazjRm2LAHVy2guNnaq48X9SJuw=="
    },
    "co-render": {
      "version": "1.1.0",
      "resolved": "https://registry.npmjs.org/co-render/-/co-render-1.1.0.tgz",
      "integrity": "sha1-kPRl+rncXiNhF8WATJ/PByTm0WA=",
      "requires": {
        "consolidate": "^0.14.0",
        "debug": "2"
      },
      "dependencies": {
        "debug": {
          "version": "2.6.9",
          "resolved": "https://registry.npmjs.org/debug/-/debug-2.6.9.tgz",
          "integrity": "sha512-bC7ElrdJaJnPbAP+1EotYvqZsb3ecl5wi6Bfi6BJTUcNowp6cvspg0jXznRTKDjm/E7AdgFBVeAPVMNcKGsHMA==",
          "requires": {
            "ms": "2.0.0"
          }
        }
      }
    },
    "co-views": {
      "version": "2.1.0",
      "resolved": "https://registry.npmjs.org/co-views/-/co-views-2.1.0.tgz",
      "integrity": "sha1-8bJNWC3mxNwEOmOsuRJZPVm/qGw=",
      "requires": {
        "co-render": "1",
        "debug": "2",
        "object-assign": "4"
      },
      "dependencies": {
        "debug": {
          "version": "2.6.9",
          "resolved": "https://registry.npmjs.org/debug/-/debug-2.6.9.tgz",
          "integrity": "sha512-bC7ElrdJaJnPbAP+1EotYvqZsb3ecl5wi6Bfi6BJTUcNowp6cvspg0jXznRTKDjm/E7AdgFBVeAPVMNcKGsHMA==",
          "requires": {
            "ms": "2.0.0"
          }
        }
      }
    },
    "consolidate": {
      "version": "0.14.5",
      "resolved": "https://registry.npmjs.org/consolidate/-/consolidate-0.14.5.tgz",
      "integrity": "sha1-WiUEe8dvcwcmZ8jLUsmJiI9JTGM=",
      "requires": {
        "bluebird": "^3.1.1"
      }
    },
    "debug": {
      "version": "0.7.4",
      "resolved": "https://registry.npmjs.org/debug/-/debug-0.7.4.tgz",
      "integrity": "sha1-BuHqgILCyxTjmAbiLi9vdX+Srzk="
    },
    "koa-render": {
      "version": "0.2.1",
      "resolved": "https://registry.npmjs.org/koa-render/-/koa-render-0.2.1.tgz",
      "integrity": "sha1-HzIaK61xNLZyh2Hvic8b8dRR8B8=",
      "requires": {
        "co-views": "*",
        "debug": "~0.7.4",
        "merge": "git://github.com/yields/merge.git#2f357cb501cd06f1a86394b7817e5df73c53f644"
      }
    },
    "merge": {
      "version": "git://github.com/yields/merge.git#2f357cb501cd06f1a86394b7817e5df73c53f644",
      "from": "git://github.com/yields/merge.git"
    },
    "ms": {
      "version": "2.0.0",
      "resolved": "https://registry.npmjs.org/ms/-/ms-2.0.0.tgz",
      "integrity": "sha1-VgiurfwAvmwpAd9fmGF4jeDVl8g="
    },
    "object-assign": {
      "version": "4.1.1",
      "resolved": "https://registry.npmjs.org/object-assign/-/object-assign-4.1.1.tgz",
      "integrity": "sha1-IQmtx5ZYh8/AXLvUQsrIv7s2CGM="
    }
  }
}
